PODS:
  - JTAttributedLabel (0.1)

DEPENDENCIES:
  - JTAttributedLabel (from `/Users/blake/Projects/JTAttributedLabel`)

EXTERNAL SOURCES:
  JTAttributedLabel:
    :path: /Users/blake/Projects/JTAttributedLabel

SPEC CHECKSUMS:
  JTAttributedLabel: 16fa0831b3da3349278ab6384ba6d4bde3194bda

COCOAPODS: 0.22.2
